schema: '2.0'
stages:
  train_test:
    cmd: python3 train_test.py
    deps:
    - path: train.csv
      md5: 9b75560db14fbe6a5e86cb55f72faf70
      size: 60301
    - path: train_test.py
      md5: 563a521bc189b50ab9c21dfa7d2e1fff
      size: 1867
    outs:
    - path: feature_importance.png
      md5: 158a93fbf0b1aa6a752813275b00dff7
      size: 33893
    - path: metrics.json
      md5: 3770186af8858537df6148764474111f
      size: 102
