schema: '2.0'
stages:
  get_data:
    cmd: python3 get_data.py
    deps:
    - path: get_data.py
      md5: 3588ae9f69be9043116aa1d4303fa1dc
      size: 220
  train_test:
    cmd: python3 train_test.py
    deps:
    - path: train.csv
      md5: 9b75560db14fbe6a5e86cb55f72faf70
      size: 60301
    - path: train_test.py
      md5: 7080a8283b323f5641b35b10ef52a402
      size: 1866
    outs:
    - path: feature_importance.png
      md5: ecaaa4190035f9de3df01a50d127c63d
      size: 33915
    - path: metrics.json
      md5: d95b741988596d5edf74c9ea6913c86e
      size: 102
